
Microsoft Visual Studio Solution File, Format Version 12.00
# Visual Studio Version 16
VisualStudioVersion = 16.0.30011.22
MinimumVisualStudioVersion = 10.0.40219.1
Project("{9A19103F-16F7-4668-BE54-9A1E7A4F7556}") = "ExperianTest", "ExperianTest\ExperianTest.csproj", "{43BA6AB8-E5D2-4572-941C-1021272A5596}"
EndProject
Project("{9A19103F-16F7-4668-BE54-9A1E7A4F7556}") = "ExperianTest.Classes", "ExperianTest.Classes\ExperianTest.Classes.csproj", "{3213B476-21F8-473C-AE6E-CB6689CAE181}"
EndProject
Project("{9A19103F-16F7-4668-BE54-9A1E7A4F7556}") = "NUnitTestProject1", "NUnitTestProject1\NUnitTestProject1.csproj", "{A31F222B-F170-4CD1-B26B-4A8C00FA62EC}"
EndProject
Global
	GlobalSection(SolutionConfigurationPlatforms) = preSolution
		Debug|Any CPU = Debug|Any CPU
		Release|Any CPU = Release|Any CPU
	EndGlobalSection
	GlobalSection(ProjectConfigurationPlatforms) = postSolution
		{43BA6AB8-E5D2-4572-941C-1021272A5596}.Debug|Any CPU.ActiveCfg = Debug|Any CPU
		{43BA6AB8-E5D2-4572-941C-1021272A5596}.Debug|Any CPU.Build.0 = Debug|Any CPU
		{43BA6AB8-E5D2-4572-941C-1021272A5596}.Release|Any CPU.ActiveCfg = Release|Any CPU
		{43BA6AB8-E5D2-4572-941C-1021272A5596}.Release|Any CPU.Build.0 = Release|Any CPU
		{3213B476-21F8-473C-AE6E-CB6689CAE181}.Debug|Any CPU.ActiveCfg = Debug|Any CPU
		{3213B476-21F8-473C-AE6E-CB6689CAE181}.Debug|Any CPU.Build.0 = Debug|Any CPU
		{3213B476-21F8-473C-AE6E-CB6689CAE181}.Release|Any CPU.ActiveCfg = Release|Any CPU
		{3213B476-21F8-473C-AE6E-CB6689CAE181}.Release|Any CPU.Build.0 = Release|Any CPU
		{A31F222B-F170-4CD1-B26B-4A8C00FA62EC}.Debug|Any CPU.ActiveCfg = Debug|Any CPU
		{A31F222B-F170-4CD1-B26B-4A8C00FA62EC}.Debug|Any CPU.Build.0 = Debug|Any CPU
		{A31F222B-F170-4CD1-B26B-4A8C00FA62EC}.Release|Any CPU.ActiveCfg = Release|Any CPU
		{A31F222B-F170-4CD1-B26B-4A8C00FA62EC}.Release|Any CPU.Build.0 = Release|Any CPU
	EndGlobalSection
	GlobalSection(SolutionProperties) = preSolution
		HideSolutionNode = FALSE
	EndGlobalSection
	GlobalSection(ExtensibilityGlobals) = postSolution
		SolutionGuid = {6C6ED5D6-327D-4345-B136-FD5F451AE84C}
	EndGlobalSection
EndGlobal
